
Microsoft Visual Studio Solution File, Format Version 12.00
# Visual Studio Version 17
VisualStudioVersion = 17.4.33213.308
MinimumVisualStudioVersion = 10.0.40219.1
Project("{9A19103F-16F7-4668-BE54-9A1E7A4F7556}") = "projet", "projet\projet.csproj", "{F1FB08DB-A3AF-4B2D-8399-BEE8F42AB18E}"
EndProject
Global
	GlobalSection(SolutionConfigurationPlatforms) = preSolution
		Debug|Any CPU = Debug|Any CPU
		Release|Any CPU = Release|Any CPU
	EndGlobalSection
	GlobalSection(ProjectConfigurationPlatforms) = postSolution
		{F1FB08DB-A3AF-4B2D-8399-BEE8F42AB18E}.Debug|Any CPU.ActiveCfg = Debug|Any CPU
		{F1FB08DB-A3AF-4B2D-8399-BEE8F42AB18E}.Debug|Any CPU.Build.0 = Debug|Any CPU
		{F1FB08DB-A3AF-4B2D-8399-BEE8F42AB18E}.Release|Any CPU.ActiveCfg = Release|Any CPU
		{F1FB08DB-A3AF-4B2D-8399-BEE8F42AB18E}.Release|Any CPU.Build.0 = Release|Any CPU
	EndGlobalSection
	GlobalSection(SolutionProperties) = preSolution
		HideSolutionNode = FALSE
	EndGlobalSection
	GlobalSection(ExtensibilityGlobals) = postSolution
		SolutionGuid = {7985DCE5-ECA5-4685-9431-43DB9DA2EA31}
	EndGlobalSection
EndGlobal
